
Microsoft Visual Studio Solution File, Format Version 12.00
# Visual Studio Version 17
VisualStudioVersion = 17.9.34616.47
MinimumVisualStudioVersion = 10.0.40219.1
Project("{FAE04EC0-301F-11D3-BF4B-00C04F79EFBC}") = "TP3_KPL", "TP3_KPL\TP3_KPL.csproj", "{7A95FBD0-9B81-4B4E-89F5-659B24D9F6E3}"
EndProject
Global
	GlobalSection(SolutionConfigurationPlatforms) = preSolution
		Debug|Any CPU = Debug|Any CPU
		Release|Any CPU = Release|Any CPU
	EndGlobalSection
	GlobalSection(ProjectConfigurationPlatforms) = postSolution
		{7A95FBD0-9B81-4B4E-89F5-659B24D9F6E3}.Debug|Any CPU.ActiveCfg = Debug|Any CPU
		{7A95FBD0-9B81-4B4E-89F5-659B24D9F6E3}.Debug|Any CPU.Build.0 = Debug|Any CPU
		{7A95FBD0-9B81-4B4E-89F5-659B24D9F6E3}.Release|Any CPU.ActiveCfg = Release|Any CPU
		{7A95FBD0-9B81-4B4E-89F5-659B24D9F6E3}.Release|Any CPU.Build.0 = Release|Any CPU
	EndGlobalSection
	GlobalSection(SolutionProperties) = preSolution
		HideSolutionNode = FALSE
	EndGlobalSection
	GlobalSection(ExtensibilityGlobals) = postSolution
		SolutionGuid = {4C49D77A-3D71-4F49-821E-52E594FAF7E5}
	EndGlobalSection
EndGlobal
